
Microsoft Visual Studio Solution File, Format Version 12.00
# Visual Studio 15
VisualStudioVersion = 15.0.28307.539
MinimumVisualStudioVersion = 10.0.40219.1
Project("{FAE04EC0-301F-11D3-BF4B-00C04F79EFBC}") = "TestsForCI", "TestsForCI\TestsForCI.csproj", "{3FD0932A-6992-49F0-ACB9-F6B09AF64B50}"
EndProject
Global
	GlobalSection(SolutionConfigurationPlatforms) = preSolution
		Debug|Any CPU = Debug|Any CPU
		Release|Any CPU = Release|Any CPU
	EndGlobalSection
	GlobalSection(ProjectConfigurationPlatforms) = postSolution
		{3FD0932A-6992-49F0-ACB9-F6B09AF64B50}.Debug|Any CPU.ActiveCfg = Debug|Any CPU
		{3FD0932A-6992-49F0-ACB9-F6B09AF64B50}.Debug|Any CPU.Build.0 = Debug|Any CPU
		{3FD0932A-6992-49F0-ACB9-F6B09AF64B50}.Release|Any CPU.ActiveCfg = Release|Any CPU
		{3FD0932A-6992-49F0-ACB9-F6B09AF64B50}.Release|Any CPU.Build.0 = Release|Any CPU
	EndGlobalSection
	GlobalSection(SolutionProperties) = preSolution
		HideSolutionNode = FALSE
	EndGlobalSection
	GlobalSection(ExtensibilityGlobals) = postSolution
		SolutionGuid = {238260EF-04DC-466A-B48B-2C05F769D8C0}
	EndGlobalSection
EndGlobal
